// !$*UTF8*$!
{
	archiveVersion = 1;
	classes = {
	};
	objectVersion = 52;
	objects = {

/* Begin PBXBuildFile section */
		79ED11E626ADCFDA007F1E45 /* Prova_Alamofire_CoreDataApp.swift in Sources */ = {isa = PBXBuildFile; fileRef = 79ED11E526ADCFDA007F1E45 /* Prova_Alamofire_CoreDataApp.swift */; };
		79ED11E826ADCFDA007F1E45 /* ContentView.swift in Sources */ = {isa = PBXBuildFile; fileRef = 79ED11E726ADCFDA007F1E45 /* ContentView.swift */; };
		79ED11EA26ADCFDB007F1E45 /* Assets.xcassets in Resources */ = {isa = PBXBuildFile; fileRef = 79ED11E926ADCFDB007F1E45 /* Assets.xcassets */; };
		79ED11ED26ADCFDB007F1E45 /* Preview Assets.xcassets in Resources */ = {isa = PBXBuildFile; fileRef = 79ED11EC26ADCFDB007F1E45 /* Preview Assets.xcassets */; };
		79ED11EF26ADCFDB007F1E45 /* Persistence.swift in Sources */ = {isa = PBXBuildFile; fileRef = 79ED11EE26ADCFDB007F1E45 /* Persistence.swift */; };
		79ED11F226ADCFDB007F1E45 /* Prova_Alamofire_CoreData.xcdatamodeld in Sources */ = {isa = PBXBuildFile; fileRef = 79ED11F026ADCFDB007F1E45 /* Prova_Alamofire_CoreData.xcdatamodeld */; };
		79ED11FB26ADD432007F1E45 /* News+CoreDataClass.swift in Sources */ = {isa = PBXBuildFile; fileRef = 79ED11F926ADD432007F1E45 /* News+CoreDataClass.swift */; };
		79ED11FC26ADD432007F1E45 /* News+CoreDataProperties.swift in Sources */ = {isa = PBXBuildFile; fileRef = 79ED11FA26ADD432007F1E45 /* News+CoreDataProperties.swift */; };
		79ED120126ADD470007F1E45 /* ContentViewModel.swift in Sources */ = {isa = PBXBuildFile; fileRef = 79ED120026ADD470007F1E45 /* ContentViewModel.swift */; };
		79ED120426ADD594007F1E45 /* Alamofire in Frameworks */ = {isa = PBXBuildFile; productRef = 79ED120326ADD594007F1E45 /* Alamofire */; };
/* End PBXBuildFile section */

/* Begin PBXFileReference section */
		79ED11E226ADCFDA007F1E45 /* Prova Alamofire CoreData.app */ = {isa = PBXFileReference; explicitFileType = wrapper.application; includeInIndex = 0; path = "Prova Alamofire CoreData.app"; sourceTree = BUILT_PRODUCTS_DIR; };
		79ED11E526ADCFDA007F1E45 /* Prova_Alamofire_CoreDataApp.swift */ = {isa = PBXFileReference; lastKnownFileType = sourcecode.swift; path = Prova_Alamofire_CoreDataApp.swift; sourceTree = "<group>"; };
		79ED11E726ADCFDA007F1E45 /* ContentView.swift */ = {isa = PBXFileReference; lastKnownFileType = sourcecode.swift; path = ContentView.swift; sourceTree = "<group>"; };
		79ED11E926ADCFDB007F1E45 /* Assets.xcassets */ = {isa = PBXFileReference; lastKnownFileType = folder.assetcatalog; path = Assets.xcassets; sourceTree = "<group>"; };
		79ED11EC26ADCFDB007F1E45 /* Preview Assets.xcassets */ = {isa = PBXFileReference; lastKnownFileType = folder.assetcatalog; path = "Preview Assets.xcassets"; sourceTree = "<group>"; };
		79ED11EE26ADCFDB007F1E45 /* Persistence.swift */ = {isa = PBXFileReference; lastKnownFileType = sourcecode.swift; path = Persistence.swift; sourceTree = "<group>"; };
		79ED11F126ADCFDB007F1E45 /* Prova_Alamofire_CoreData.xcdatamodel */ = {isa = PBXFileReference; lastKnownFileType = wrapper.xcdatamodel; path = Prova_Alamofire_CoreData.xcdatamodel; sourceTree = "<group>"; };
		79ED11F326ADCFDB007F1E45 /* Info.plist */ = {isa = PBXFileReference; lastKnownFileType = text.plist.xml; path = Info.plist; sourceTree = "<group>"; };
		79ED11F926ADD432007F1E45 /* News+CoreDataClass.swift */ = {isa = PBXFileReference; lastKnownFileType = sourcecode.swift; path = "News+CoreDataClass.swift"; sourceTree = "<group>"; };
		79ED11FA26ADD432007F1E45 /* News+CoreDataProperties.swift */ = {isa = PBXFileReference; lastKnownFileType = sourcecode.swift; path = "News+CoreDataProperties.swift"; sourceTree = "<group>"; };
		79ED120026ADD470007F1E45 /* ContentViewModel.swift */ = {isa = PBXFileReference; lastKnownFileType = sourcecode.swift; path = ContentViewModel.swift; sourceTree = "<group>"; };
/* End PBXFileReference section */

/* Begin PBXFrameworksBuildPhase section */
		79ED11DF26ADCFDA007F1E45 /* Frameworks */ = {
			isa = PBXFrameworksBuildPhase;
			buildActionMask = 2147483647;
			files = (
				79ED120426ADD594007F1E45 /* Alamofire in Frameworks */,
			);
			runOnlyForDeploymentPostprocessing = 0;
		};
/* End PBXFrameworksBuildPhase section */

/* Begin PBXGroup section */
		79ED11D926ADCFDA007F1E45 = {
			isa = PBXGroup;
			children = (
				79ED11E426ADCFDA007F1E45 /* Prova Alamofire CoreData */,
				79ED11E326ADCFDA007F1E45 /* Products */,
			);
			sourceTree = "<group>";
		};
		79ED11E326ADCFDA007F1E45 /* Products */ = {
			isa = PBXGroup;
			children = (
				79ED11E226ADCFDA007F1E45 /* Prova Alamofire CoreData.app */,
			);
			name = Products;
			sourceTree = "<group>";
		};
		79ED11E426ADCFDA007F1E45 /* Prova Alamofire CoreData */ = {
			isa = PBXGroup;
			children = (
				79ED11E526ADCFDA007F1E45 /* Prova_Alamofire_CoreDataApp.swift */,
				79ED11FE26ADD456007F1E45 /* Views */,
				79ED11FF26ADD460007F1E45 /* ViewModels */,
				79ED11FD26ADD43F007F1E45 /* CoreData */,
				79ED11E926ADCFDB007F1E45 /* Assets.xcassets */,
				79ED11F326ADCFDB007F1E45 /* Info.plist */,
				79ED11F026ADCFDB007F1E45 /* Prova_Alamofire_CoreData.xcdatamodeld */,
				79ED11EB26ADCFDB007F1E45 /* Preview Content */,
			);
			path = "Prova Alamofire CoreData";
			sourceTree = "<group>";
		};
		79ED11EB26ADCFDB007F1E45 /* Preview Content */ = {
			isa = PBXGroup;
			children = (
				79ED11EC26ADCFDB007F1E45 /* Preview Assets.xcassets */,
			);
			path = "Preview Content";
			sourceTree = "<group>";
		};
		79ED11FD26ADD43F007F1E45 /* CoreData */ = {
			isa = PBXGroup;
			children = (
				79ED11F926ADD432007F1E45 /* News+CoreDataClass.swift */,
				79ED11FA26ADD432007F1E45 /* News+CoreDataProperties.swift */,
				79ED11EE26ADCFDB007F1E45 /* Persistence.swift */,
			);
			path = CoreData;
			sourceTree = "<group>";
		};
		79ED11FE26ADD456007F1E45 /* Views */ = {
			isa = PBXGroup;
			children = (
				79ED11E726ADCFDA007F1E45 /* ContentView.swift */,
			);
			path = Views;
			sourceTree = "<group>";
		};
		79ED11FF26ADD460007F1E45 /* ViewModels */ = {
			isa = PBXGroup;
			children = (
				79ED120026ADD470007F1E45 /* ContentViewModel.swift */,
			);
			path = ViewModels;
			sourceTree = "<group>";
		};
/* End PBXGroup section */

/* Begin PBXNativeTarget section */
		79ED11E126ADCFDA007F1E45 /* Prova Alamofire CoreData */ = {
			isa = PBXNativeTarget;
			buildConfigurationList = 79ED11F626ADCFDB007F1E45 /* Build configuration list for PBXNativeTarget "Prova Alamofire CoreData" */;
			buildPhases = (
				79ED11DE26ADCFDA007F1E45 /* Sources */,
				79ED11DF26ADCFDA007F1E45 /* Frameworks */,
				79ED11E026ADCFDA007F1E45 /* Resources */,
			);
			buildRules = (
			);
			dependencies = (
			);
			name = "Prova Alamofire CoreData";
			packageProductDependencies = (
				79ED120326ADD594007F1E45 /* Alamofire */,
			);
			productName = "Prova Alamofire CoreData";
			productReference = 79ED11E226ADCFDA007F1E45 /* Prova Alamofire CoreData.app */;
			productType = "com.apple.product-type.application";
		};
/* End PBXNativeTarget section */

/* Begin PBXProject section */
		79ED11DA26ADCFDA007F1E45 /* Project object */ = {
			isa = PBXProject;
			attributes = {
				LastSwiftUpdateCheck = 1250;
				LastUpgradeCheck = 1250;
				TargetAttributes = {
					79ED11E126ADCFDA007F1E45 = {
						CreatedOnToolsVersion = 12.5.1;
					};
				};
			};
			buildConfigurationList = 79ED11DD26ADCFDA007F1E45 /* Build configuration list for PBXProject "Prova Alamofire CoreData" */;
			compatibilityVersion = "Xcode 9.3";
			developmentRegion = en;
			hasScannedForEncodings = 0;
			knownRegions = (
				en,
				Base,
			);
			mainGroup = 79ED11D926ADCFDA007F1E45;
			packageReferences = (
				79ED120226ADD594007F1E45 /* XCRemoteSwiftPackageReference "Alamofire" */,
			);
			productRefGroup = 79ED11E326ADCFDA007F1E45 /* Products */;
			projectDirPath = "";
			projectRoot = "";
			targets = (
				79ED11E126ADCFDA007F1E45 /* Prova Alamofire CoreData */,
			);
		};
/* End PBXProject section */

/* Begin PBXResourcesBuildPhase section */
		79ED11E026ADCFDA007F1E45 /* Resources */ = {
			isa = PBXResourcesBuildPhase;
			buildActionMask = 2147483647;
			files = (
				79ED11ED26ADCFDB007F1E45 /* Preview Assets.xcassets in Resources */,
				79ED11EA26ADCFDB007F1E45 /* Assets.xcassets in Resources */,
			);
			runOnlyForDeploymentPostprocessing = 0;
		};
/* End PBXResourcesBuildPhase section */

/* Begin PBXSourcesBuildPhase section */
		79ED11DE26ADCFDA007F1E45 /* Sources */ = {
			isa = PBXSourcesBuildPhase;
			buildActionMask = 2147483647;
			files = (
				79ED11EF26ADCFDB007F1E45 /* Persistence.swift in Sources */,
				79ED11E826ADCFDA007F1E45 /* ContentView.swift in Sources */,
				79ED11FB26ADD432007F1E45 /* News+CoreDataClass.swift in Sources */,
				79ED120126ADD470007F1E45 /* ContentViewModel.swift in Sources */,
				79ED11F226ADCFDB007F1E45 /* Prova_Alamofire_CoreData.xcdatamodeld in Sources */,
				79ED11FC26ADD432007F1E45 /* News+CoreDataProperties.swift in Sources */,
				79ED11E626ADCFDA007F1E45 /* Prova_Alamofire_CoreDataApp.swift in Sources */,
			);
			runOnlyForDeploymentPostprocessing = 0;
		};
/* End PBXSourcesBuildPhase section */

/* Begin XCBuildConfiguration section */
		79ED11F426ADCFDB007F1E45 /* Debug */ = {
			isa = XCBuildConfiguration;
			buildSettings = {
				ALWAYS_SEARCH_USER_PATHS = NO;
				CLANG_ANALYZER_NONNULL = YES;
				CLANG_ANALYZER_NUMBER_OBJECT_CONVERSION = YES_AGGRESSIVE;
				CLANG_CXX_LANGUAGE_STANDARD = "gnu++14";
				CLANG_CXX_LIBRARY = "libc++";
				CLANG_ENABLE_MODULES = YES;
				CLANG_ENABLE_OBJC_ARC = YES;
				CLANG_ENABLE_OBJC_WEAK = YES;
				CLANG_WARN_BLOCK_CAPTURE_AUTORELEASING = YES;
				CLANG_WARN_BOOL_CONVERSION = YES;
				CLANG_WARN_COMMA = YES;
				CLANG_WARN_CONSTANT_CONVERSION = YES;
				CLANG_WARN_DEPRECATED_OBJC_IMPLEMENTATIONS = YES;
				CLANG_WARN_DIRECT_OBJC_ISA_USAGE = YES_ERROR;
				CLANG_WARN_DOCUMENTATION_COMMENTS = YES;
				CLANG_WARN_EMPTY_BODY = YES;
				CLANG_WARN_ENUM_CONVERSION = YES;
				CLANG_WARN_INFINITE_RECURSION = YES;
				CLANG_WARN_INT_CONVERSION = YES;
				CLANG_WARN_NON_LITERAL_NULL_CONVERSION = YES;
				CLANG_WARN_OBJC_IMPLICIT_RETAIN_SELF = YES;
				CLANG_WARN_OBJC_LITERAL_CONVERSION = YES;
				CLANG_WARN_OBJC_ROOT_CLASS = YES_ERROR;
				CLANG_WARN_QUOTED_INCLUDE_IN_FRAMEWORK_HEADER = YES;
				CLANG_WARN_RANGE_LOOP_ANALYSIS = YES;
				CLANG_WARN_STRICT_PROTOTYPES = YES;
				CLANG_WARN_SUSPICIOUS_MOVE = YES;
				CLANG_WARN_UNGUARDED_AVAILABILITY = YES_AGGRESSIVE;
				CLANG_WARN_UNREACHABLE_CODE = YES;
				CLANG_WARN__DUPLICATE_METHOD_MATCH = YES;
				COPY_PHASE_STRIP = NO;
				DEBUG_INFORMATION_FORMAT = dwarf;
				ENABLE_STRICT_OBJC_MSGSEND = YES;
				ENABLE_TESTABILITY = YES;
				GCC_C_LANGUAGE_STANDARD = gnu11;
				GCC_DYNAMIC_NO_PIC = NO;
				GCC_NO_COMMON_BLOCKS = YES;
				GCC_OPTIMIZATION_LEVEL = 0;
				GCC_PREPROCESSOR_DEFINITIONS = (
					"DEBUG=1",
					"$(inherited)",
				);
				GCC_WARN_64_TO_32_BIT_CONVERSION = YES;
				GCC_WARN_ABOUT_RETURN_TYPE = YES_ERROR;
				GCC_WARN_UNDECLARED_SELECTOR = YES;
				GCC_WARN_UNINITIALIZED_AUTOS = YES_AGGRESSIVE;
				GCC_WARN_UNUSED_FUNCTION = YES;
				GCC_WARN_UNUSED_VARIABLE = YES;
				IPHONEOS_DEPLOYMENT_TARGET = 14.5;
				MTL_ENABLE_DEBUG_INFO = INCLUDE_SOURCE;
				MTL_FAST_MATH = YES;
				ONLY_ACTIVE_ARCH = YES;
				SDKROOT = iphoneos;
				SWIFT_ACTIVE_COMPILATION_CONDITIONS = DEBUG;
				SWIFT_OPTIMIZATION_LEVEL = "-Onone";
			};
			name = Debug;
		};
		79ED11F526ADCFDB007F1E45 /* Release */ = {
			isa = XCBuildConfiguration;
			buildSettings = {
				ALWAYS_SEARCH_USER_PATHS = NO;
				CLANG_ANALYZER_NONNULL = YES;
				CLANG_ANALYZER_NUMBER_OBJECT_CONVERSION = YES_AGGRESSIVE;
				CLANG_CXX_LANGUAGE_STANDARD = "gnu++14";
				CLANG_CXX_LIBRARY = "libc++";
				CLANG_ENABLE_MODULES = YES;
				CLANG_ENABLE_OBJC_ARC = YES;
				CLANG_ENABLE_OBJC_WEAK = YES;
				CLANG_WARN_BLOCK_CAPTURE_AUTORELEASING = YES;
				CLANG_WARN_BOOL_CONVERSION = YES;
				CLANG_WARN_COMMA = YES;
				CLANG_WARN_CONSTANT_CONVERSION = YES;
				CLANG_WARN_DEPRECATED_OBJC_IMPLEMENTATIONS = YES;
				CLANG_WARN_DIRECT_OBJC_ISA_USAGE = YES_ERROR;
				CLANG_WARN_DOCUMENTATION_COMMENTS = YES;
				CLANG_WARN_EMPTY_BODY = YES;
				CLANG_WARN_ENUM_CONVERSION = YES;
				CLANG_WARN_INFINITE_RECURSION = YES;
				CLANG_WARN_INT_CONVERSION = YES;
				CLANG_WARN_NON_LITERAL_NULL_CONVERSION = YES;
				CLANG_WARN_OBJC_IMPLICIT_RETAIN_SELF = YES;
				CLANG_WARN_OBJC_LITERAL_CONVERSION = YES;
				CLANG_WARN_OBJC_ROOT_CLASS = YES_ERROR;
				CLANG_WARN_QUOTED_INCLUDE_IN_FRAMEWORK_HEADER = YES;
				CLANG_WARN_RANGE_LOOP_ANALYSIS = YES;
				CLANG_WARN_STRICT_PROTOTYPES = YES;
				CLANG_WARN_SUSPICIOUS_MOVE = YES;
				CLANG_WARN_UNGUARDED_AVAILABILITY = YES_AGGRESSIVE;
				CLANG_WARN_UNREACHABLE_CODE = YES;
				CLANG_WARN__DUPLICATE_METHOD_MATCH = YES;
				COPY_PHASE_STRIP = NO;
				DEBUG_INFORMATION_FORMAT = "dwarf-with-dsym";
				ENABLE_NS_ASSERTIONS = NO;
				ENABLE_STRICT_OBJC_MSGSEND = YES;
				GCC_C_LANGUAGE_STANDARD = gnu11;
				GCC_NO_COMMON_BLOCKS = YES;
				GCC_WARN_64_TO_32_BIT_CONVERSION = YES;
				GCC_WARN_ABOUT_RETURN_TYPE = YES_ERROR;
				GCC_WARN_UNDECLARED_SELECTOR = YES;
				GCC_WARN_UNINITIALIZED_AUTOS = YES_AGGRESSIVE;
				GCC_WARN_UNUSED_FUNCTION = YES;
				GCC_WARN_UNUSED_VARIABLE = YES;
				IPHONEOS_DEPLOYMENT_TARGET = 14.5;
				MTL_ENABLE_DEBUG_INFO = NO;
				MTL_FAST_MATH = YES;
				SDKROOT = iphoneos;
				SWIFT_COMPILATION_MODE = wholemodule;
				SWIFT_OPTIMIZATION_LEVEL = "-O";
				VALIDATE_PRODUCT = YES;
			};
			name = Release;
		};
		79ED11F726ADCFDB007F1E45 /* Debug */ = {
			isa = XCBuildConfiguration;
			buildSettings = {
				ASSETCATALOG_COMPILER_APPICON_NAME = AppIcon;
				ASSETCATALOG_COMPILER_GLOBAL_ACCENT_COLOR_NAME = AccentColor;
				CODE_SIGN_STYLE = Automatic;
				DEVELOPMENT_ASSET_PATHS = "\"Prova Alamofire CoreData/Preview Content\"";
				DEVELOPMENT_TEAM = YY7XZ88R9G;
				ENABLE_PREVIEWS = YES;
				INFOPLIST_FILE = "Prova Alamofire CoreData/Info.plist";
				IPHONEOS_DEPLOYMENT_TARGET = 14.0;
				LD_RUNPATH_SEARCH_PATHS = (
					"$(inherited)",
					"@executable_path/Frameworks",
				);
				PRODUCT_BUNDLE_IDENTIFIER = "com.angelosannino.Prova-Alamofire-CoreData";
				PRODUCT_NAME = "$(TARGET_NAME)";
				SWIFT_VERSION = 5.0;
				TARGETED_DEVICE_FAMILY = "1,2";
			};
			name = Debug;
		};
		79ED11F826ADCFDB007F1E45 /* Release */ = {
			isa = XCBuildConfiguration;
			buildSettings = {
				ASSETCATALOG_COMPILER_APPICON_NAME = AppIcon;
				ASSETCATALOG_COMPILER_GLOBAL_ACCENT_COLOR_NAME = AccentColor;
				CODE_SIGN_STYLE = Automatic;
				DEVELOPMENT_ASSET_PATHS = "\"Prova Alamofire CoreData/Preview Content\"";
				DEVELOPMENT_TEAM = YY7XZ88R9G;
				ENABLE_PREVIEWS = YES;
				INFOPLIST_FILE = "Prova Alamofire CoreData/Info.plist";
				IPHONEOS_DEPLOYMENT_TARGET = 14.0;
				LD_RUNPATH_SEARCH_PATHS = (
					"$(inherited)",
					"@executable_path/Frameworks",
				);
				PRODUCT_BUNDLE_IDENTIFIER = "com.angelosannino.Prova-Alamofire-CoreData";
				PRODUCT_NAME = "$(TARGET_NAME)";
				SWIFT_VERSION = 5.0;
				TARGETED_DEVICE_FAMILY = "1,2";
			};
			name = Release;
		};
/* End XCBuildConfiguration section */

/* Begin XCConfigurationList section */
		79ED11DD26ADCFDA007F1E45 /* Build configuration list for PBXProject "Prova Alamofire CoreData" */ = {
			isa = XCConfigurationList;
			buildConfigurations = (
				79ED11F426ADCFDB007F1E45 /* Debug */,
				79ED11F526ADCFDB007F1E45 /* Release */,
			);
			defaultConfigurationIsVisible = 0;
			defaultConfigurationName = Release;
		};
		79ED11F626ADCFDB007F1E45 /* Build configuration list for PBXNativeTarget "Prova Alamofire CoreData" */ = {
			isa = XCConfigurationList;
			buildConfigurations = (
				79ED11F726ADCFDB007F1E45 /* Debug */,
				79ED11F826ADCFDB007F1E45 /* Release */,
			);
			defaultConfigurationIsVisible = 0;
			defaultConfigurationName = Release;
		};
/* End XCConfigurationList section */

/* Begin XCRemoteSwiftPackageReference section */
		79ED120226ADD594007F1E45 /* XCRemoteSwiftPackageReference "Alamofire" */ = {
			isa = XCRemoteSwiftPackageReference;
			repositoryURL = "https://github.com/Alamofire/Alamofire.git";
			requirement = {
				kind = upToNextMajorVersion;
				minimumVersion = 5.4.3;
			};
		};
/* End XCRemoteSwiftPackageReference section */

/* Begin XCSwiftPackageProductDependency section */
		79ED120326ADD594007F1E45 /* Alamofire */ = {
			isa = XCSwiftPackageProductDependency;
			package = 79ED120226ADD594007F1E45 /* XCRemoteSwiftPackageReference "Alamofire" */;
			productName = Alamofire;
		};
/* End XCSwiftPackageProductDependency section */

/* Begin XCVersionGroup section */
		79ED11F026ADCFDB007F1E45 /* Prova_Alamofire_CoreData.xcdatamodeld */ = {
			isa = XCVersionGroup;
			children = (
				79ED11F126ADCFDB007F1E45 /* Prova_Alamofire_CoreData.xcdatamodel */,
			);
			currentVersion = 79ED11F126ADCFDB007F1E45 /* Prova_Alamofire_CoreData.xcdatamodel */;
			path = Prova_Alamofire_CoreData.xcdatamodeld;
			sourceTree = "<group>";
			versionGroupType = wrapper.xcdatamodel;
		};
/* End XCVersionGroup section */
	};
	rootObject = 79ED11DA26ADCFDA007F1E45 /* Project object */;
}
